
Microsoft Visual Studio Solution File, Format Version 12.00
# Visual Studio Version 16
VisualStudioVersion = 16.0.32126.315
MinimumVisualStudioVersion = 10.0.40219.1
Project("{8BC9CEB8-8B4A-11D0-8D11-00A0C91BC942}") = "Task14Pupyrka", "Task14Pupyrka\Task14Pupyrka.vcxproj", "{00DD5A79-9646-4C36-B193-2E91147CEA95}"
EndProject
Global
	GlobalSection(SolutionConfigurationPlatforms) = preSolution
		Debug|x64 = Debug|x64
		Debug|x86 = Debug|x86
		Release|x64 = Release|x64
		Release|x86 = Release|x86
	EndGlobalSection
	GlobalSection(ProjectConfigurationPlatforms) = postSolution
		{00DD5A79-9646-4C36-B193-2E91147CEA95}.Debug|x64.ActiveCfg = Debug|x64
		{00DD5A79-9646-4C36-B193-2E91147CEA95}.Debug|x64.Build.0 = Debug|x64
		{00DD5A79-9646-4C36-B193-2E91147CEA95}.Debug|x86.ActiveCfg = Debug|Win32
		{00DD5A79-9646-4C36-B193-2E91147CEA95}.Debug|x86.Build.0 = Debug|Win32
		{00DD5A79-9646-4C36-B193-2E91147CEA95}.Release|x64.ActiveCfg = Release|x64
		{00DD5A79-9646-4C36-B193-2E91147CEA95}.Release|x64.Build.0 = Release|x64
		{00DD5A79-9646-4C36-B193-2E91147CEA95}.Release|x86.ActiveCfg = Release|Win32
		{00DD5A79-9646-4C36-B193-2E91147CEA95}.Release|x86.Build.0 = Release|Win32
	EndGlobalSection
	GlobalSection(SolutionProperties) = preSolution
		HideSolutionNode = FALSE
	EndGlobalSection
	GlobalSection(ExtensibilityGlobals) = postSolution
		SolutionGuid = {9CDBBD5D-7CA8-4A66-8D95-0FB21FF0065E}
	EndGlobalSection
EndGlobal
